<?xml version="1.0" encoding="utf-8"?>
<Project ToolsVersion="4.0" xmlns="http://schemas.microsoft.com/developer/msbuild/2003">
  <ItemGroup>
    <Filter Include="Source Files">
      <UniqueIdentifier>{4FC737F1-C7A5-4376-A066-2A32D752A2FF}</UniqueIdentifier>
      <Extensions>cpp;c;cc;cxx;c++;cppm;ixx;def;odl;idl;hpj;bat;asm;asmx</Extensions>
    </Filter>
    <Filter Include="Header Files">
      <UniqueIdentifier>{93995380-89BD-4b04-88EB-625FBE52EBFB}</UniqueIdentifier>
      <Extensions>h;hh;hpp;hxx;h++;hm;inl;inc;ipp;xsd</Extensions>
    </Filter>
    <Filter Include="Resource Files">
      <UniqueIdentifier>{67DA6AB6-F800-4c08-8B7A-83BB121AAD01}</UniqueIdentifier>
      <Extensions>rc;ico;cur;bmp;dlg;rc2;rct;bin;rgs;gif;jpg;jpeg;jpe;resx;tiff;tif;png;wav;mfcribbon-ms</Extensions>
    </Filter>
  </ItemGroup>
  <ItemGroup>
    <ClCompile Include="Day1.cpp">
      <Filter>Source Files</Filter>
    </ClCompile>
    <ClCompile Include="Day2.cpp">
      <Filter>Source Files</Filter>
    </ClCompile>
    <ClCompile Include="EasyBench.cpp">
      <Filter>Source Files</Filter>
    </ClCompile>
    <ClCompile Include="main.cpp">
      <Filter>Source Files</Filter>
    </ClCompile>
  </ItemGroup>
  <ItemGroup>
    <ClInclude Include="EasyBench.h">
      <Filter>Header Files</Filter>
    </ClInclude>
    <ClInclude Include="rotate_array.h">
      <Filter>Header Files</Filter>
    </ClInclude>
    <ClInclude Include="remove_duplicates_from_array.h">
      <Filter>Header Files</Filter>
    </ClInclude>
    <ClInclude Include="matrix_zero.h">
      <Filter>Header Files</Filter>
    </ClInclude>
    <ClInclude Include="pascal_triangle.h">
      <Filter>Header Files</Filter>
    </ClInclude>
    <ClInclude Include="max_subarray_sum.h">
      <Filter>Header Files</Filter>
    </ClInclude>
    <ClInclude Include="sort_0_1_2.h">
      <Filter>Header Files</Filter>
    </ClInclude>
    <ClInclude Include="stock_buy_and_sell.h">
      <Filter>Header Files</Filter>
    </ClInclude>
    <ClInclude Include="rotate_image.h">
      <Filter>Header Files</Filter>
    </ClInclude>
    <ClInclude Include="merge_intervals.h">
      <Filter>Header Files</Filter>
    </ClInclude>
    <ClInclude Include="reverse_words_in_string.h">
      <Filter>Header Files</Filter>
    </ClInclude>
    <ClInclude Include="merge_2_sorted_array_no_extra_space.h">
      <Filter>Header Files</Filter>
    </ClInclude>
    <ClInclude Include="find_duplicates_in_array.h">
      <Filter>Header Files</Filter>
    </ClInclude>
    <ClInclude Include="missing_number.h">
      <Filter>Header Files</Filter>
    </ClInclude>
    <ClInclude Include="repeating_and_missing_number.h">
      <Filter>Header Files</Filter>
    </ClInclude>
    <ClInclude Include="merge_sort.h">
      <Filter>Header Files</Filter>
    </ClInclude>
    <ClInclude Include="count_inversions_array.h">
      <Filter>Header Files</Filter>
    </ClInclude>
    <ClInclude Include="count_global_inversions_and_local_inversions.h">
      <Filter>Header Files</Filter>
    </ClInclude>
    <ClInclude Include="search_2d_matrix.h">
      <Filter>Header Files</Filter>
    </ClInclude>
    <ClInclude Include="power_x_n.h">
      <Filter>Header Files</Filter>
    </ClInclude>
    <ClInclude Include="majority_element.h">
      <Filter>Header Files</Filter>
    </ClInclude>
    <ClInclude Include="majority_element_2.h">
      <Filter>Header Files</Filter>
    </ClInclude>
    <ClInclude Include="grid_unique_paths.h">
      <Filter>Header Files</Filter>
    </ClInclude>
    <ClInclude Include="reverse_pair.h">
      <Filter>Header Files</Filter>
    </ClInclude>
    <ClInclude Include="goodString.h">
      <Filter>Header Files</Filter>
    </ClInclude>
    <ClInclude Include="Temp_solution.h">
      <Filter>Header Files</Filter>
    </ClInclude>
    <ClInclude Include="next_permutation_custom.h">
      <Filter>Header Files</Filter>
    </ClInclude>
    <ClInclude Include="weird_algorithm.h">
      <Filter>Header Files</Filter>
    </ClInclude>
    <ClInclude Include="coin_problem.h">
      <Filter>Header Files</Filter>
    </ClInclude>
    <ClInclude Include="minimum_sum_path.h">
      <Filter>Header Files</Filter>
    </ClInclude>
  </ItemGroup>
</Project>